{
  "name": "sandbox_dropdown_custom_npm",
  "lockfileVersion": 3,
  "requires": true,
  "packages": {
    "": {
      "dependencies": {
        "dropdown-menu-touille": "file:../sandbox_dropdown_custom"
      }
    },
    "../sandbox_dropdown_custom": {
      "name": "dropdown-menu-touille",
      "version": "1.0.0",
      "license": "ISC"
    },
    "node_modules/dropdown-menu-touille": {
      "resolved": "../sandbox_dropdown_custom",
      "link": true
    }
  }
}
